# Copyright (C) 1991-2006 Altera Corporation
# Your use of Altera Corporation's design tools, logic functions 
# and other software and tools, and its AMPP partner logic 
# functions, and any output files any of the foregoing 
# (including device programming or simulation files), and any 
# associated documentation or information are expressly subject 
# to the terms and conditions of the Altera Program License 
# Subscription Agreement, Altera MegaCore Function License 
# Agreement, or other applicable license agreement, including, 
# without limitation, that your use is for the sole purpose of 
# programming logic devices manufactured by Altera and sold by 
# Altera or its authorized distributors.  Please refer to the 
# applicable agreement for further details.


# The default values for assignments are stored in the file
#		clock_assignment_defaults.qdf
# If this file doesn't exist, and for assignments not listed, see file
#		assignment_defaults.qdf

# Altera recommends that you do not modify this file. This
# file is updated automatically by the Quartus II software
# and any changes you make may be lost or overwritten.


set_global_assignment -name FAMILY ACEX1K
set_global_assignment -name DEVICE "EP1K30TC144-3"
set_global_assignment -name TOP_LEVEL_ENTITY clock
set_global_assignment -name ORIGINAL_QUARTUS_VERSION "6.0 SP1"
set_global_assignment -name PROJECT_CREATION_TIME_DATE "23:30:57  JUNE 20, 2022"
set_global_assignment -name LAST_QUARTUS_VERSION "6.0 SP1"
set_global_assignment -name BDF_FILE clock.bdf
set_global_assignment -name VECTOR_WAVEFORM_FILE clock.vwf
set_global_assignment -name SIMULATION_MODE FUNCTIONAL
set_global_assignment -name VECTOR_INPUT_SOURCE "D:\\Personal\\dc\\clock_test\\clock.vwf"
set_global_assignment -name BDF_FILE startmod.bdf
set_global_assignment -name VECTOR_WAVEFORM_FILE startmod.vwf
set_global_assignment -name FITTER_EFFORT "STANDARD FIT"
set_location_assignment PIN_131 -to clk
set_location_assignment PIN_130 -to in
set_location_assignment PIN_133 -to in_countdown
set_location_assignment PIN_132 -to init
set_location_assignment PIN_136 -to mode
set_location_assignment PIN_135 -to reset
set_location_assignment PIN_138 -to timing
set_location_assignment PIN_8 -to in_h0_1
set_location_assignment PIN_9 -to in_h0_2
set_location_assignment PIN_13 -to in_h0_4
set_location_assignment PIN_17 -to in_h0_8
set_location_assignment PIN_18 -to in_h1_1
set_location_assignment PIN_19 -to in_h1_2
set_location_assignment PIN_21 -to in_h1_4
set_location_assignment PIN_23 -to in_h1_8
set_location_assignment PIN_26 -to in_m0_1
set_location_assignment PIN_27 -to in_m0_2
set_location_assignment PIN_29 -to in_m0_4
set_location_assignment PIN_30 -to in_m0_8
set_location_assignment PIN_32 -to in_m1_1
set_location_assignment PIN_33 -to in_m1_2
set_location_assignment PIN_36 -to in_m1_4
set_location_assignment PIN_37 -to in_m1_8
set_location_assignment PIN_38 -to in_s0_1
set_location_assignment PIN_39 -to in_s0_2
set_location_assignment PIN_41 -to in_s0_4
set_location_assignment PIN_43 -to in_s0_8
set_location_assignment PIN_44 -to in_s1_1
set_location_assignment PIN_46 -to in_s1_2
set_location_assignment PIN_47 -to in_s1_4
set_location_assignment PIN_48 -to in_s1_8
set_location_assignment PIN_49 -to h0_1
set_location_assignment PIN_51 -to h0_2
set_location_assignment PIN_59 -to h0_4
set_location_assignment PIN_60 -to h0_8
set_location_assignment PIN_62 -to h1_1
set_location_assignment PIN_63 -to h1_2
set_location_assignment PIN_64 -to h1_4
set_location_assignment PIN_65 -to h1_8
set_location_assignment PIN_68 -to m0_1
set_location_assignment PIN_67 -to m0_2
set_location_assignment PIN_70 -to m0_4
set_location_assignment PIN_69 -to m0_8
set_location_assignment PIN_73 -to m1_1
set_location_assignment PIN_72 -to m1_2
set_location_assignment PIN_79 -to m1_4
set_location_assignment PIN_78 -to m1_8
set_location_assignment PIN_81 -to s0_1
set_location_assignment PIN_80 -to s0_2
set_location_assignment PIN_86 -to s0_4
set_location_assignment PIN_83 -to s0_8
set_location_assignment PIN_88 -to s1_1
set_location_assignment PIN_87 -to s1_2
set_location_assignment PIN_91 -to s1_4
set_location_assignment PIN_90 -to s1_8
set_location_assignment PIN_95 -to light